
Microsoft Visual Studio Solution File, Format Version 12.00
# Visual Studio Version 17
VisualStudioVersion = 17.8.34525.116
MinimumVisualStudioVersion = 10.0.40219.1
Project("{9A19103F-16F7-4668-BE54-9A1E7A4F7556}") = "Allure.Core.Web", "Core\Allure.Core.Web\Allure.Core.Web.csproj", "{6C874B29-56A2-474E-B391-65718B673DA9}"
EndProject
Project("{9A19103F-16F7-4668-BE54-9A1E7A4F7556}") = "Allure.Driver", "Allure.Driver\Allure.Driver.csproj", "{48DA14AB-B8E3-4502-93FC-53F1E6699868}"
EndProject
Project("{9A19103F-16F7-4668-BE54-9A1E7A4F7556}") = "Allure.Core.Web.Tests", "Core\Allure.Core.Web.Tests\Allure.Core.Web.Tests.csproj", "{D96EB189-4B3D-4E56-9523-E648CDF78744}"
EndProject
Project("{9A19103F-16F7-4668-BE54-9A1E7A4F7556}") = "Allure.Logger", "Allure.Logger\Allure.Logger.csproj", "{BC701CA8-5AB3-40C7-9337-55E87A627618}"
EndProject
Project("{9A19103F-16F7-4668-BE54-9A1E7A4F7556}") = "Allure.Core.Web.Pages", "Core\Allure.Core.Web.Pages\Allure.Core.Web.Pages.csproj", "{276DFB61-79D7-45CA-BC7C-CC88F8DAFD53}"
EndProject
Project("{9A19103F-16F7-4668-BE54-9A1E7A4F7556}") = "Allure.PlayerController.Api.Tests", "Allure.PlayerController.Api\Allure.PlayerController.Api.Tests\Allure.PlayerController.Api.Tests.csproj", "{42F4DBA1-7189-47BF-9448-FF71A3719361}"
EndProject
Project("{9A19103F-16F7-4668-BE54-9A1E7A4F7556}") = "Allure.Core.Api", "Core\Allure.Core.Api\Allure.Core.Api.csproj", "{65E687D0-9CCD-497C-8030-2EC819810550}"
EndProject
Project("{2150E333-8FDC-42A3-9474-1A3956D46DE8}") = "Core", "Core", "{C9C5E4F4-F8E6-47C0-B2C7-EDDB1212960A}"
EndProject
Project("{9A19103F-16F7-4668-BE54-9A1E7A4F7556}") = "Allure.Core.Api.Tests", "Core\Allure.Core.Api.Tests\Allure.Core.Api.Tests.csproj", "{40063C08-2C70-4BD6-A3AD-389DBFDEF1FF}"
EndProject
Project("{9A19103F-16F7-4668-BE54-9A1E7A4F7556}") = "Allure.Core.Configuration", "Core\Allure.Core.Configuration\Allure.Core.Configuration.csproj", "{A7C2E212-812B-4F4D-A53B-ADF2080CBDD3}"
EndProject
Project("{2150E333-8FDC-42A3-9474-1A3956D46DE8}") = "Allure.PlayerController.Api", "Allure.PlayerController.Api", "{060E1C27-5248-447B-9578-6254EC137CCE}"
EndProject
Project("{9A19103F-16F7-4668-BE54-9A1E7A4F7556}") = "Allure.PlayerController.Api.Domain", "Allure.PlayerController.Api\Allure.PlayerController.Api.Domain\Allure.PlayerController.Api.Domain.csproj", "{B811E445-3922-4983-AF59-91F04C8C92BE}"
EndProject
Project("{9A19103F-16F7-4668-BE54-9A1E7A4F7556}") = "Allure.PlayerController.Api.Repositories", "Allure.PlayerController.Api\Allure.PlayerController.Api.Repositories\Allure.PlayerController.Api.Repositories.csproj", "{24824E9C-C4C4-4481-B315-DCA0C0144E24}"
EndProject
Project("{9A19103F-16F7-4668-BE54-9A1E7A4F7556}") = "Allure.PlayerController.Api.Services", "Allure.PlayerController.Api\Allure.PlayerController.Api.Services\Allure.PlayerController.Api.Services.csproj", "{9C8F72F6-F2EB-44E1-B409-9FE287783B0C}"
EndProject
Global
	GlobalSection(SolutionConfigurationPlatforms) = preSolution
		Debug|Any CPU = Debug|Any CPU
		Qa|Any CPU = Qa|Any CPU
		Release|Any CPU = Release|Any CPU
	EndGlobalSection
	GlobalSection(ProjectConfigurationPlatforms) = postSolution
		{6C874B29-56A2-474E-B391-65718B673DA9}.Debug|Any CPU.ActiveCfg = Debug|Any CPU
		{6C874B29-56A2-474E-B391-65718B673DA9}.Debug|Any CPU.Build.0 = Debug|Any CPU
		{6C874B29-56A2-474E-B391-65718B673DA9}.Qa|Any CPU.ActiveCfg = Qa|Any CPU
		{6C874B29-56A2-474E-B391-65718B673DA9}.Qa|Any CPU.Build.0 = Qa|Any CPU
		{6C874B29-56A2-474E-B391-65718B673DA9}.Release|Any CPU.ActiveCfg = Release|Any CPU
		{6C874B29-56A2-474E-B391-65718B673DA9}.Release|Any CPU.Build.0 = Release|Any CPU
		{48DA14AB-B8E3-4502-93FC-53F1E6699868}.Debug|Any CPU.ActiveCfg = Debug|Any CPU
		{48DA14AB-B8E3-4502-93FC-53F1E6699868}.Debug|Any CPU.Build.0 = Debug|Any CPU
		{48DA14AB-B8E3-4502-93FC-53F1E6699868}.Qa|Any CPU.ActiveCfg = Qa|Any CPU
		{48DA14AB-B8E3-4502-93FC-53F1E6699868}.Qa|Any CPU.Build.0 = Qa|Any CPU
		{48DA14AB-B8E3-4502-93FC-53F1E6699868}.Release|Any CPU.ActiveCfg = Release|Any CPU
		{48DA14AB-B8E3-4502-93FC-53F1E6699868}.Release|Any CPU.Build.0 = Release|Any CPU
		{D96EB189-4B3D-4E56-9523-E648CDF78744}.Debug|Any CPU.ActiveCfg = Debug|Any CPU
		{D96EB189-4B3D-4E56-9523-E648CDF78744}.Debug|Any CPU.Build.0 = Debug|Any CPU
		{D96EB189-4B3D-4E56-9523-E648CDF78744}.Qa|Any CPU.ActiveCfg = Qa|Any CPU
		{D96EB189-4B3D-4E56-9523-E648CDF78744}.Qa|Any CPU.Build.0 = Qa|Any CPU
		{D96EB189-4B3D-4E56-9523-E648CDF78744}.Release|Any CPU.ActiveCfg = Release|Any CPU
		{D96EB189-4B3D-4E56-9523-E648CDF78744}.Release|Any CPU.Build.0 = Release|Any CPU
		{BC701CA8-5AB3-40C7-9337-55E87A627618}.Debug|Any CPU.ActiveCfg = Debug|Any CPU
		{BC701CA8-5AB3-40C7-9337-55E87A627618}.Debug|Any CPU.Build.0 = Debug|Any CPU
		{BC701CA8-5AB3-40C7-9337-55E87A627618}.Qa|Any CPU.ActiveCfg = Qa|Any CPU
		{BC701CA8-5AB3-40C7-9337-55E87A627618}.Qa|Any CPU.Build.0 = Qa|Any CPU
		{BC701CA8-5AB3-40C7-9337-55E87A627618}.Release|Any CPU.ActiveCfg = Release|Any CPU
		{BC701CA8-5AB3-40C7-9337-55E87A627618}.Release|Any CPU.Build.0 = Release|Any CPU
		{276DFB61-79D7-45CA-BC7C-CC88F8DAFD53}.Debug|Any CPU.ActiveCfg = Debug|Any CPU
		{276DFB61-79D7-45CA-BC7C-CC88F8DAFD53}.Debug|Any CPU.Build.0 = Debug|Any CPU
		{276DFB61-79D7-45CA-BC7C-CC88F8DAFD53}.Qa|Any CPU.ActiveCfg = Qa|Any CPU
		{276DFB61-79D7-45CA-BC7C-CC88F8DAFD53}.Qa|Any CPU.Build.0 = Qa|Any CPU
		{276DFB61-79D7-45CA-BC7C-CC88F8DAFD53}.Release|Any CPU.ActiveCfg = Release|Any CPU
		{276DFB61-79D7-45CA-BC7C-CC88F8DAFD53}.Release|Any CPU.Build.0 = Release|Any CPU
		{42F4DBA1-7189-47BF-9448-FF71A3719361}.Debug|Any CPU.ActiveCfg = Debug|Any CPU
		{42F4DBA1-7189-47BF-9448-FF71A3719361}.Debug|Any CPU.Build.0 = Debug|Any CPU
		{42F4DBA1-7189-47BF-9448-FF71A3719361}.Qa|Any CPU.ActiveCfg = Qa|Any CPU
		{42F4DBA1-7189-47BF-9448-FF71A3719361}.Qa|Any CPU.Build.0 = Qa|Any CPU
		{42F4DBA1-7189-47BF-9448-FF71A3719361}.Release|Any CPU.ActiveCfg = Release|Any CPU
		{42F4DBA1-7189-47BF-9448-FF71A3719361}.Release|Any CPU.Build.0 = Release|Any CPU
		{65E687D0-9CCD-497C-8030-2EC819810550}.Debug|Any CPU.ActiveCfg = Debug|Any CPU
		{65E687D0-9CCD-497C-8030-2EC819810550}.Debug|Any CPU.Build.0 = Debug|Any CPU
		{65E687D0-9CCD-497C-8030-2EC819810550}.Qa|Any CPU.ActiveCfg = Qa|Any CPU
		{65E687D0-9CCD-497C-8030-2EC819810550}.Qa|Any CPU.Build.0 = Qa|Any CPU
		{65E687D0-9CCD-497C-8030-2EC819810550}.Release|Any CPU.ActiveCfg = Release|Any CPU
		{65E687D0-9CCD-497C-8030-2EC819810550}.Release|Any CPU.Build.0 = Release|Any CPU
		{40063C08-2C70-4BD6-A3AD-389DBFDEF1FF}.Debug|Any CPU.ActiveCfg = Debug|Any CPU
		{40063C08-2C70-4BD6-A3AD-389DBFDEF1FF}.Debug|Any CPU.Build.0 = Debug|Any CPU
		{40063C08-2C70-4BD6-A3AD-389DBFDEF1FF}.Qa|Any CPU.ActiveCfg = Qa|Any CPU
		{40063C08-2C70-4BD6-A3AD-389DBFDEF1FF}.Qa|Any CPU.Build.0 = Qa|Any CPU
		{40063C08-2C70-4BD6-A3AD-389DBFDEF1FF}.Release|Any CPU.ActiveCfg = Release|Any CPU
		{40063C08-2C70-4BD6-A3AD-389DBFDEF1FF}.Release|Any CPU.Build.0 = Release|Any CPU
		{A7C2E212-812B-4F4D-A53B-ADF2080CBDD3}.Debug|Any CPU.ActiveCfg = Debug|Any CPU
		{A7C2E212-812B-4F4D-A53B-ADF2080CBDD3}.Debug|Any CPU.Build.0 = Debug|Any CPU
		{A7C2E212-812B-4F4D-A53B-ADF2080CBDD3}.Qa|Any CPU.ActiveCfg = Qa|Any CPU
		{A7C2E212-812B-4F4D-A53B-ADF2080CBDD3}.Qa|Any CPU.Build.0 = Qa|Any CPU
		{A7C2E212-812B-4F4D-A53B-ADF2080CBDD3}.Release|Any CPU.ActiveCfg = Release|Any CPU
		{A7C2E212-812B-4F4D-A53B-ADF2080CBDD3}.Release|Any CPU.Build.0 = Release|Any CPU
		{B811E445-3922-4983-AF59-91F04C8C92BE}.Debug|Any CPU.ActiveCfg = Debug|Any CPU
		{B811E445-3922-4983-AF59-91F04C8C92BE}.Debug|Any CPU.Build.0 = Debug|Any CPU
		{B811E445-3922-4983-AF59-91F04C8C92BE}.Qa|Any CPU.ActiveCfg = Debug|Any CPU
		{B811E445-3922-4983-AF59-91F04C8C92BE}.Qa|Any CPU.Build.0 = Debug|Any CPU
		{B811E445-3922-4983-AF59-91F04C8C92BE}.Release|Any CPU.ActiveCfg = Release|Any CPU
		{B811E445-3922-4983-AF59-91F04C8C92BE}.Release|Any CPU.Build.0 = Release|Any CPU
		{24824E9C-C4C4-4481-B315-DCA0C0144E24}.Debug|Any CPU.ActiveCfg = Debug|Any CPU
		{24824E9C-C4C4-4481-B315-DCA0C0144E24}.Debug|Any CPU.Build.0 = Debug|Any CPU
		{24824E9C-C4C4-4481-B315-DCA0C0144E24}.Qa|Any CPU.ActiveCfg = Debug|Any CPU
		{24824E9C-C4C4-4481-B315-DCA0C0144E24}.Qa|Any CPU.Build.0 = Debug|Any CPU
		{24824E9C-C4C4-4481-B315-DCA0C0144E24}.Release|Any CPU.ActiveCfg = Release|Any CPU
		{24824E9C-C4C4-4481-B315-DCA0C0144E24}.Release|Any CPU.Build.0 = Release|Any CPU
		{9C8F72F6-F2EB-44E1-B409-9FE287783B0C}.Debug|Any CPU.ActiveCfg = Debug|Any CPU
		{9C8F72F6-F2EB-44E1-B409-9FE287783B0C}.Debug|Any CPU.Build.0 = Debug|Any CPU
		{9C8F72F6-F2EB-44E1-B409-9FE287783B0C}.Qa|Any CPU.ActiveCfg = Debug|Any CPU
		{9C8F72F6-F2EB-44E1-B409-9FE287783B0C}.Qa|Any CPU.Build.0 = Debug|Any CPU
		{9C8F72F6-F2EB-44E1-B409-9FE287783B0C}.Release|Any CPU.ActiveCfg = Release|Any CPU
		{9C8F72F6-F2EB-44E1-B409-9FE287783B0C}.Release|Any CPU.Build.0 = Release|Any CPU
	EndGlobalSection
	GlobalSection(SolutionProperties) = preSolution
		HideSolutionNode = FALSE
	EndGlobalSection
	GlobalSection(NestedProjects) = preSolution
		{6C874B29-56A2-474E-B391-65718B673DA9} = {C9C5E4F4-F8E6-47C0-B2C7-EDDB1212960A}
		{D96EB189-4B3D-4E56-9523-E648CDF78744} = {C9C5E4F4-F8E6-47C0-B2C7-EDDB1212960A}
		{276DFB61-79D7-45CA-BC7C-CC88F8DAFD53} = {C9C5E4F4-F8E6-47C0-B2C7-EDDB1212960A}
		{42F4DBA1-7189-47BF-9448-FF71A3719361} = {060E1C27-5248-447B-9578-6254EC137CCE}
		{65E687D0-9CCD-497C-8030-2EC819810550} = {C9C5E4F4-F8E6-47C0-B2C7-EDDB1212960A}
		{40063C08-2C70-4BD6-A3AD-389DBFDEF1FF} = {C9C5E4F4-F8E6-47C0-B2C7-EDDB1212960A}
		{A7C2E212-812B-4F4D-A53B-ADF2080CBDD3} = {C9C5E4F4-F8E6-47C0-B2C7-EDDB1212960A}
		{B811E445-3922-4983-AF59-91F04C8C92BE} = {060E1C27-5248-447B-9578-6254EC137CCE}
		{24824E9C-C4C4-4481-B315-DCA0C0144E24} = {060E1C27-5248-447B-9578-6254EC137CCE}
		{9C8F72F6-F2EB-44E1-B409-9FE287783B0C} = {060E1C27-5248-447B-9578-6254EC137CCE}
	EndGlobalSection
	GlobalSection(ExtensibilityGlobals) = postSolution
		SolutionGuid = {01B5C0DE-332D-4EEE-A315-C0CF12837E30}
	EndGlobalSection
EndGlobal
