
Microsoft Visual Studio Solution File, Format Version 12.00
# Visual Studio Version 17
VisualStudioVersion = 17.8.34525.116
MinimumVisualStudioVersion = 10.0.40219.1
Project("{9A19103F-16F7-4668-BE54-9A1E7A4F7556}") = "Allure.Core", "Allure.Core\Allure.Core.csproj", "{6C874B29-56A2-474E-B391-65718B673DA9}"
EndProject
Project("{FAE04EC0-301F-11D3-BF4B-00C04F79EFBC}") = "Allure.Driver", "Allure.Driver\Allure.Driver.csproj", "{48DA14AB-B8E3-4502-93FC-53F1E6699868}"
EndProject
Global
	GlobalSection(SolutionConfigurationPlatforms) = preSolution
		Debug|Any CPU = Debug|Any CPU
		Release|Any CPU = Release|Any CPU
	EndGlobalSection
	GlobalSection(ProjectConfigurationPlatforms) = postSolution
		{6C874B29-56A2-474E-B391-65718B673DA9}.Debug|Any CPU.ActiveCfg = Debug|Any CPU
		{6C874B29-56A2-474E-B391-65718B673DA9}.Debug|Any CPU.Build.0 = Debug|Any CPU
		{6C874B29-56A2-474E-B391-65718B673DA9}.Release|Any CPU.ActiveCfg = Release|Any CPU
		{6C874B29-56A2-474E-B391-65718B673DA9}.Release|Any CPU.Build.0 = Release|Any CPU
		{48DA14AB-B8E3-4502-93FC-53F1E6699868}.Debug|Any CPU.ActiveCfg = Debug|Any CPU
		{48DA14AB-B8E3-4502-93FC-53F1E6699868}.Debug|Any CPU.Build.0 = Debug|Any CPU
		{48DA14AB-B8E3-4502-93FC-53F1E6699868}.Release|Any CPU.ActiveCfg = Release|Any CPU
		{48DA14AB-B8E3-4502-93FC-53F1E6699868}.Release|Any CPU.Build.0 = Release|Any CPU
	EndGlobalSection
	GlobalSection(SolutionProperties) = preSolution
		HideSolutionNode = FALSE
	EndGlobalSection
	GlobalSection(ExtensibilityGlobals) = postSolution
		SolutionGuid = {01B5C0DE-332D-4EEE-A315-C0CF12837E30}
	EndGlobalSection
EndGlobal
